
Microsoft Visual Studio Solution File, Format Version 12.00
# Visual Studio 15
VisualStudioVersion = 15.0.28010.2016
MinimumVisualStudioVersion = 10.0.40219.1
Project("{FAE04EC0-301F-11D3-BF4B-00C04F79EFBC}") = "Caesar", "Caesar\Caesar.csproj", "{6FBBF646-93A6-46F1-BBA7-0255F47875D8}"
EndProject
Global
	GlobalSection(SolutionConfigurationPlatforms) = preSolution
		Debug|Any CPU = Debug|Any CPU
		Release|Any CPU = Release|Any CPU
	EndGlobalSection
	GlobalSection(ProjectConfigurationPlatforms) = postSolution
		{6FBBF646-93A6-46F1-BBA7-0255F47875D8}.Debug|Any CPU.ActiveCfg = Debug|Any CPU
		{6FBBF646-93A6-46F1-BBA7-0255F47875D8}.Debug|Any CPU.Build.0 = Debug|Any CPU
		{6FBBF646-93A6-46F1-BBA7-0255F47875D8}.Release|Any CPU.ActiveCfg = Release|Any CPU
		{6FBBF646-93A6-46F1-BBA7-0255F47875D8}.Release|Any CPU.Build.0 = Release|Any CPU
	EndGlobalSection
	GlobalSection(SolutionProperties) = preSolution
		HideSolutionNode = FALSE
	EndGlobalSection
	GlobalSection(ExtensibilityGlobals) = postSolution
		SolutionGuid = {DAD3E1BD-0AEA-4536-87E4-5EECF24D0A7F}
	EndGlobalSection
EndGlobal
